
Microsoft Visual Studio Solution File, Format Version 12.00
# Visual Studio Version 16
VisualStudioVersion = 16.0.32602.291
MinimumVisualStudioVersion = 10.0.40219.1
Project("{FAE04EC0-301F-11D3-BF4B-00C04F79EFBC}") = "ReportComparision", "ReportComparision\ReportComparision.csproj", "{8CB35B6A-218A-4084-9BBA-1240C00CB4F7}"
EndProject
Global
	GlobalSection(SolutionConfigurationPlatforms) = preSolution
		Debug|Any CPU = Debug|Any CPU
		Release|Any CPU = Release|Any CPU
	EndGlobalSection
	GlobalSection(ProjectConfigurationPlatforms) = postSolution
		{8CB35B6A-218A-4084-9BBA-1240C00CB4F7}.Debug|Any CPU.ActiveCfg = Debug|Any CPU
		{8CB35B6A-218A-4084-9BBA-1240C00CB4F7}.Debug|Any CPU.Build.0 = Debug|Any CPU
		{8CB35B6A-218A-4084-9BBA-1240C00CB4F7}.Release|Any CPU.ActiveCfg = Release|Any CPU
		{8CB35B6A-218A-4084-9BBA-1240C00CB4F7}.Release|Any CPU.Build.0 = Release|Any CPU
	EndGlobalSection
	GlobalSection(SolutionProperties) = preSolution
		HideSolutionNode = FALSE
	EndGlobalSection
	GlobalSection(ExtensibilityGlobals) = postSolution
		SolutionGuid = {56036283-5B27-477F-A2DC-26B68F88CCF9}
	EndGlobalSection
EndGlobal
